
Microsoft Visual Studio Solution File, Format Version 12.00
# Visual Studio Version 17
VisualStudioVersion = 17.14.36105.17
MinimumVisualStudioVersion = 10.0.40219.1
Project("{2150E333-8FDC-42A3-9474-1A3956D46DE8}") = "Services", "Services", "{8E1ED4F7-591C-430F-99E3-C805C1C82A97}"
EndProject
Project("{2150E333-8FDC-42A3-9474-1A3956D46DE8}") = "Catalog", "Catalog", "{38BFF87B-8DF0-4B95-922D-E184B3A825FF}"
EndProject
Project("{FAE04EC0-301F-11D3-BF4B-00C04F79EFBC}") = "Catalog.Api", "Services\Catalog\Catalog.Api\Catalog.Api.csproj", "{80AA21A1-3814-4F6D-8ED2-BD82F1E68AD4}"
EndProject
Project("{E53339B2-1760-4266-BCC7-CA923CBCF16C}") = "docker-compose", "docker-compose.dcproj", "{81DDED9D-158B-E303-5F62-77A2896D2A5A}"
EndProject
Project("{2150E333-8FDC-42A3-9474-1A3956D46DE8}") = "Basket", "Basket", "{50291C2D-5963-4815-A4F7-54DCDC69893A}"
EndProject
Project("{FAE04EC0-301F-11D3-BF4B-00C04F79EFBC}") = "Basket.Api", "Services\Basket\Basket.Api\Basket.Api.csproj", "{672BFD9C-BF10-4C60-BE5A-D33D8DAB3F75}"
EndProject
Project("{2150E333-8FDC-42A3-9474-1A3956D46DE8}") = "Discount", "Discount", "{96A56695-21BD-4067-A6AC-EE4A7B886A6A}"
EndProject
Project("{FAE04EC0-301F-11D3-BF4B-00C04F79EFBC}") = "Discount.Grpc", "Services\Discount\Discount.Grpc\Discount.Grpc.csproj", "{FA1DD640-4D4E-4193-AE8A-41D73399D622}"
EndProject
Global
	GlobalSection(SolutionConfigurationPlatforms) = preSolution
		Debug|Any CPU = Debug|Any CPU
		Release|Any CPU = Release|Any CPU
	EndGlobalSection
	GlobalSection(ProjectConfigurationPlatforms) = postSolution
		{80AA21A1-3814-4F6D-8ED2-BD82F1E68AD4}.Debug|Any CPU.ActiveCfg = Debug|Any CPU
		{80AA21A1-3814-4F6D-8ED2-BD82F1E68AD4}.Debug|Any CPU.Build.0 = Debug|Any CPU
		{80AA21A1-3814-4F6D-8ED2-BD82F1E68AD4}.Release|Any CPU.ActiveCfg = Release|Any CPU
		{80AA21A1-3814-4F6D-8ED2-BD82F1E68AD4}.Release|Any CPU.Build.0 = Release|Any CPU
		{81DDED9D-158B-E303-5F62-77A2896D2A5A}.Debug|Any CPU.ActiveCfg = Debug|Any CPU
		{81DDED9D-158B-E303-5F62-77A2896D2A5A}.Debug|Any CPU.Build.0 = Debug|Any CPU
		{81DDED9D-158B-E303-5F62-77A2896D2A5A}.Release|Any CPU.ActiveCfg = Release|Any CPU
		{81DDED9D-158B-E303-5F62-77A2896D2A5A}.Release|Any CPU.Build.0 = Release|Any CPU
		{672BFD9C-BF10-4C60-BE5A-D33D8DAB3F75}.Debug|Any CPU.ActiveCfg = Debug|Any CPU
		{672BFD9C-BF10-4C60-BE5A-D33D8DAB3F75}.Debug|Any CPU.Build.0 = Debug|Any CPU
		{672BFD9C-BF10-4C60-BE5A-D33D8DAB3F75}.Release|Any CPU.ActiveCfg = Release|Any CPU
		{672BFD9C-BF10-4C60-BE5A-D33D8DAB3F75}.Release|Any CPU.Build.0 = Release|Any CPU
		{FA1DD640-4D4E-4193-AE8A-41D73399D622}.Debug|Any CPU.ActiveCfg = Debug|Any CPU
		{FA1DD640-4D4E-4193-AE8A-41D73399D622}.Debug|Any CPU.Build.0 = Debug|Any CPU
		{FA1DD640-4D4E-4193-AE8A-41D73399D622}.Release|Any CPU.ActiveCfg = Release|Any CPU
		{FA1DD640-4D4E-4193-AE8A-41D73399D622}.Release|Any CPU.Build.0 = Release|Any CPU
	EndGlobalSection
	GlobalSection(SolutionProperties) = preSolution
		HideSolutionNode = FALSE
	EndGlobalSection
	GlobalSection(NestedProjects) = preSolution
		{38BFF87B-8DF0-4B95-922D-E184B3A825FF} = {8E1ED4F7-591C-430F-99E3-C805C1C82A97}
		{80AA21A1-3814-4F6D-8ED2-BD82F1E68AD4} = {38BFF87B-8DF0-4B95-922D-E184B3A825FF}
		{50291C2D-5963-4815-A4F7-54DCDC69893A} = {8E1ED4F7-591C-430F-99E3-C805C1C82A97}
		{672BFD9C-BF10-4C60-BE5A-D33D8DAB3F75} = {50291C2D-5963-4815-A4F7-54DCDC69893A}
		{96A56695-21BD-4067-A6AC-EE4A7B886A6A} = {8E1ED4F7-591C-430F-99E3-C805C1C82A97}
		{FA1DD640-4D4E-4193-AE8A-41D73399D622} = {96A56695-21BD-4067-A6AC-EE4A7B886A6A}
	EndGlobalSection
EndGlobal
